
Microsoft Visual Studio Solution File, Format Version 12.00
# Visual Studio Version 16
VisualStudioVersion = 16.0.31321.278
MinimumVisualStudioVersion = 10.0.40219.1
Project("{FAE04EC0-301F-11D3-BF4B-00C04F79EFBC}") = "BoBo2DGameEngine0.1", "BoBo2DGameEngine0.1.csproj", "{B32B1BF8-BF93-4B97-8660-50F60D4EAC71}"
EndProject
Global
	GlobalSection(SolutionConfigurationPlatforms) = preSolution
		Debug|Any CPU = Debug|Any CPU
		Release|Any CPU = Release|Any CPU
	EndGlobalSection
	GlobalSection(ProjectConfigurationPlatforms) = postSolution
		{B32B1BF8-BF93-4B97-8660-50F60D4EAC71}.Debug|Any CPU.ActiveCfg = Debug|Any CPU
		{B32B1BF8-BF93-4B97-8660-50F60D4EAC71}.Debug|Any CPU.Build.0 = Debug|Any CPU
		{B32B1BF8-BF93-4B97-8660-50F60D4EAC71}.Release|Any CPU.ActiveCfg = Release|Any CPU
		{B32B1BF8-BF93-4B97-8660-50F60D4EAC71}.Release|Any CPU.Build.0 = Release|Any CPU
	EndGlobalSection
	GlobalSection(SolutionProperties) = preSolution
		HideSolutionNode = FALSE
	EndGlobalSection
	GlobalSection(ExtensibilityGlobals) = postSolution
		SolutionGuid = {EF804864-350C-4563-93ED-C312337E7473}
	EndGlobalSection
EndGlobal
